// !$*UTF8*$!
{
	archiveVersion = 1;
	classes = {
	};
	objectVersion = 55;
	objects = {

/* Begin PBXBuildFile section */
		12EBADC1BC8000BC633A78CF /* Pods_MeepMap.framework in Frameworks */ = {isa = PBXBuildFile; fileRef = CF74FF4E025D592E2D8C38D9 /* Pods_MeepMap.framework */; };
		88404F55B22DCC0996B8055C /* Pods_MeepMapTests.framework in Frameworks */ = {isa = PBXBuildFile; fileRef = 0D29B4FCC2604DA48A360A1F /* Pods_MeepMapTests.framework */; };
		C599BE06298BAFC800436DBC /* AppDelegate.swift in Sources */ = {isa = PBXBuildFile; fileRef = C599BE05298BAFC800436DBC /* AppDelegate.swift */; };
		C599BE0C298BB02D00436DBC /* DataModule.swift in Sources */ = {isa = PBXBuildFile; fileRef = C599BE09298BB02D00436DBC /* DataModule.swift */; };
		C599BE0D298BB02D00436DBC /* ApplicationModule.swift in Sources */ = {isa = PBXBuildFile; fileRef = C599BE0A298BB02D00436DBC /* ApplicationModule.swift */; };
		C599BE0E298BB02D00436DBC /* ViewModule.swift in Sources */ = {isa = PBXBuildFile; fileRef = C599BE0B298BB02D00436DBC /* ViewModule.swift */; };
		C599BE19298BB18A00436DBC /* Wireframe.swift in Sources */ = {isa = PBXBuildFile; fileRef = C599BE18298BB18A00436DBC /* Wireframe.swift */; };
		C599BE1F298BB36200436DBC /* LaunchScreen.storyboard in Resources */ = {isa = PBXBuildFile; fileRef = C599BE1E298BB36200436DBC /* LaunchScreen.storyboard */; };
		C599BE21298BB3E100436DBC /* BaseViewController.swift in Sources */ = {isa = PBXBuildFile; fileRef = C599BE20298BB3E100436DBC /* BaseViewController.swift */; };
		C599BE23298BB3EB00436DBC /* BasePresenter.swift in Sources */ = {isa = PBXBuildFile; fileRef = C599BE22298BB3EB00436DBC /* BasePresenter.swift */; };
		C599BE25298BB52700436DBC /* MeepMapPresenter.swift in Sources */ = {isa = PBXBuildFile; fileRef = C599BE24298BB52700436DBC /* MeepMapPresenter.swift */; };
		C599BE27298C437500436DBC /* MeepMapViewController.xib in Resources */ = {isa = PBXBuildFile; fileRef = C599BE26298C437500436DBC /* MeepMapViewController.xib */; };
		C599BE2B298C51B200436DBC /* MarkerEntity.swift in Sources */ = {isa = PBXBuildFile; fileRef = C599BE2A298C51B200436DBC /* MarkerEntity.swift */; };
		C599BE2E298D9F9A00436DBC /* MarkerModel.swift in Sources */ = {isa = PBXBuildFile; fileRef = C599BE2D298D9F9A00436DBC /* MarkerModel.swift */; };
		C599BE31298DA00D00436DBC /* MarkersRepository.swift in Sources */ = {isa = PBXBuildFile; fileRef = C599BE30298DA00D00436DBC /* MarkersRepository.swift */; };
		C599BE34298DA0CD00436DBC /* NetworkManager.swift in Sources */ = {isa = PBXBuildFile; fileRef = C599BE33298DA0CD00436DBC /* NetworkManager.swift */; };
		C599BE36298DA20100436DBC /* BaseRepository.swift in Sources */ = {isa = PBXBuildFile; fileRef = C599BE35298DA20100436DBC /* BaseRepository.swift */; };
		C599BE39298DA35C00436DBC /* BaseDataRepository.swift in Sources */ = {isa = PBXBuildFile; fileRef = C599BE38298DA35C00436DBC /* BaseDataRepository.swift */; };
		C599BE3C298DA54900436DBC /* MarkerTarget.swift in Sources */ = {isa = PBXBuildFile; fileRef = C599BE3B298DA54900436DBC /* MarkerTarget.swift */; };
		C599BE3F298DA68400436DBC /* MarkerRequest.swift in Sources */ = {isa = PBXBuildFile; fileRef = C599BE3E298DA68400436DBC /* MarkerRequest.swift */; };
		C599BE41298DAABE00436DBC /* MarkersDataRepository.swift in Sources */ = {isa = PBXBuildFile; fileRef = C599BE40298DAABE00436DBC /* MarkersDataRepository.swift */; };
		C599BE45298DB0F200436DBC /* GetMarkersUseCase.swift in Sources */ = {isa = PBXBuildFile; fileRef = C599BE44298DB0F200436DBC /* GetMarkersUseCase.swift */; };
		C599BE47298DB14F00436DBC /* BaseUseCase.swift in Sources */ = {isa = PBXBuildFile; fileRef = C599BE46298DB14F00436DBC /* BaseUseCase.swift */; };
		C599BE4A298DFDD700436DBC /* MarkerMapper.swift in Sources */ = {isa = PBXBuildFile; fileRef = C599BE49298DFDD700436DBC /* MarkerMapper.swift */; };
		C5C8321C2988377C0042B491 /* MeepMapViewController.swift in Sources */ = {isa = PBXBuildFile; fileRef = C5C8321B2988377C0042B491 /* MeepMapViewController.swift */; };
		C5C832212988377C0042B491 /* Assets.xcassets in Resources */ = {isa = PBXBuildFile; fileRef = C5C832202988377C0042B491 /* Assets.xcassets */; };
		C5C8322F2988377C0042B491 /* MeepMapTests.swift in Sources */ = {isa = PBXBuildFile; fileRef = C5C8322E2988377C0042B491 /* MeepMapTests.swift */; };
		C5C832392988377C0042B491 /* MeepMapUITests.swift in Sources */ = {isa = PBXBuildFile; fileRef = C5C832382988377C0042B491 /* MeepMapUITests.swift */; };
		C5C8323B2988377C0042B491 /* MeepMapUITestsLaunchTests.swift in Sources */ = {isa = PBXBuildFile; fileRef = C5C8323A2988377C0042B491 /* MeepMapUITestsLaunchTests.swift */; };
		C5D122DD298846A300746B89 /* keys.plist in Resources */ = {isa = PBXBuildFile; fileRef = C5D122DC298846A300746B89 /* keys.plist */; };
		D25E6044618674B44363AA78 /* Pods_MeepMap_MeepMapUITests.framework in Frameworks */ = {isa = PBXBuildFile; fileRef = 3438481E4F2C273F4727B320 /* Pods_MeepMap_MeepMapUITests.framework */; };
/* End PBXBuildFile section */

/* Begin PBXContainerItemProxy section */
		C5C8322B2988377C0042B491 /* PBXContainerItemProxy */ = {
			isa = PBXContainerItemProxy;
			containerPortal = C5C8320C2988377C0042B491 /* Project object */;
			proxyType = 1;
			remoteGlobalIDString = C5C832132988377C0042B491;
			remoteInfo = MeepMap;
		};
		C5C832352988377C0042B491 /* PBXContainerItemProxy */ = {
			isa = PBXContainerItemProxy;
			containerPortal = C5C8320C2988377C0042B491 /* Project object */;
			proxyType = 1;
			remoteGlobalIDString = C5C832132988377C0042B491;
			remoteInfo = MeepMap;
		};
/* End PBXContainerItemProxy section */

/* Begin PBXFileReference section */
		0352213516D7880CA18A3172 /* Pods-MeepMap.release.xcconfig */ = {isa = PBXFileReference; includeInIndex = 1; lastKnownFileType = text.xcconfig; name = "Pods-MeepMap.release.xcconfig"; path = "Target Support Files/Pods-MeepMap/Pods-MeepMap.release.xcconfig"; sourceTree = "<group>"; };
		0D29B4FCC2604DA48A360A1F /* Pods_MeepMapTests.framework */ = {isa = PBXFileReference; explicitFileType = wrapper.framework; includeInIndex = 0; path = Pods_MeepMapTests.framework; sourceTree = BUILT_PRODUCTS_DIR; };
		29FAEC9B2731E2569F8AC6CB /* Pods-MeepMap.debug.xcconfig */ = {isa = PBXFileReference; includeInIndex = 1; lastKnownFileType = text.xcconfig; name = "Pods-MeepMap.debug.xcconfig"; path = "Target Support Files/Pods-MeepMap/Pods-MeepMap.debug.xcconfig"; sourceTree = "<group>"; };
		3438481E4F2C273F4727B320 /* Pods_MeepMap_MeepMapUITests.framework */ = {isa = PBXFileReference; explicitFileType = wrapper.framework; includeInIndex = 0; path = Pods_MeepMap_MeepMapUITests.framework; sourceTree = BUILT_PRODUCTS_DIR; };
		93FFF784994EE93FE16DFDE7 /* Pods-MeepMap-MeepMapUITests.debug.xcconfig */ = {isa = PBXFileReference; includeInIndex = 1; lastKnownFileType = text.xcconfig; name = "Pods-MeepMap-MeepMapUITests.debug.xcconfig"; path = "Target Support Files/Pods-MeepMap-MeepMapUITests/Pods-MeepMap-MeepMapUITests.debug.xcconfig"; sourceTree = "<group>"; };
		AE72BEBCAB8CD27B00C9B86D /* Pods-MeepMapTests.release.xcconfig */ = {isa = PBXFileReference; includeInIndex = 1; lastKnownFileType = text.xcconfig; name = "Pods-MeepMapTests.release.xcconfig"; path = "Target Support Files/Pods-MeepMapTests/Pods-MeepMapTests.release.xcconfig"; sourceTree = "<group>"; };
		C599BE05298BAFC800436DBC /* AppDelegate.swift */ = {isa = PBXFileReference; fileEncoding = 4; lastKnownFileType = sourcecode.swift; path = AppDelegate.swift; sourceTree = "<group>"; };
		C599BE09298BB02D00436DBC /* DataModule.swift */ = {isa = PBXFileReference; fileEncoding = 4; lastKnownFileType = sourcecode.swift; path = DataModule.swift; sourceTree = "<group>"; };
		C599BE0A298BB02D00436DBC /* ApplicationModule.swift */ = {isa = PBXFileReference; fileEncoding = 4; lastKnownFileType = sourcecode.swift; path = ApplicationModule.swift; sourceTree = "<group>"; };
		C599BE0B298BB02D00436DBC /* ViewModule.swift */ = {isa = PBXFileReference; fileEncoding = 4; lastKnownFileType = sourcecode.swift; path = ViewModule.swift; sourceTree = "<group>"; };
		C599BE18298BB18A00436DBC /* Wireframe.swift */ = {isa = PBXFileReference; lastKnownFileType = sourcecode.swift; path = Wireframe.swift; sourceTree = "<group>"; };
		C599BE1E298BB36200436DBC /* LaunchScreen.storyboard */ = {isa = PBXFileReference; fileEncoding = 4; lastKnownFileType = file.storyboard; path = LaunchScreen.storyboard; sourceTree = "<group>"; };
		C599BE20298BB3E100436DBC /* BaseViewController.swift */ = {isa = PBXFileReference; lastKnownFileType = sourcecode.swift; path = BaseViewController.swift; sourceTree = "<group>"; };
		C599BE22298BB3EB00436DBC /* BasePresenter.swift */ = {isa = PBXFileReference; lastKnownFileType = sourcecode.swift; path = BasePresenter.swift; sourceTree = "<group>"; };
		C599BE24298BB52700436DBC /* MeepMapPresenter.swift */ = {isa = PBXFileReference; lastKnownFileType = sourcecode.swift; path = MeepMapPresenter.swift; sourceTree = "<group>"; };
		C599BE26298C437500436DBC /* MeepMapViewController.xib */ = {isa = PBXFileReference; lastKnownFileType = file.xib; path = MeepMapViewController.xib; sourceTree = "<group>"; };
		C599BE2A298C51B200436DBC /* MarkerEntity.swift */ = {isa = PBXFileReference; lastKnownFileType = sourcecode.swift; path = MarkerEntity.swift; sourceTree = "<group>"; };
		C599BE2D298D9F9A00436DBC /* MarkerModel.swift */ = {isa = PBXFileReference; lastKnownFileType = sourcecode.swift; path = MarkerModel.swift; sourceTree = "<group>"; };
		C599BE30298DA00D00436DBC /* MarkersRepository.swift */ = {isa = PBXFileReference; lastKnownFileType = sourcecode.swift; path = MarkersRepository.swift; sourceTree = "<group>"; };
		C599BE33298DA0CD00436DBC /* NetworkManager.swift */ = {isa = PBXFileReference; lastKnownFileType = sourcecode.swift; path = NetworkManager.swift; sourceTree = "<group>"; };
		C599BE35298DA20100436DBC /* BaseRepository.swift */ = {isa = PBXFileReference; lastKnownFileType = sourcecode.swift; path = BaseRepository.swift; sourceTree = "<group>"; };
		C599BE38298DA35C00436DBC /* BaseDataRepository.swift */ = {isa = PBXFileReference; lastKnownFileType = sourcecode.swift; path = BaseDataRepository.swift; sourceTree = "<group>"; };
		C599BE3B298DA54900436DBC /* MarkerTarget.swift */ = {isa = PBXFileReference; lastKnownFileType = sourcecode.swift; path = MarkerTarget.swift; sourceTree = "<group>"; };
		C599BE3E298DA68400436DBC /* MarkerRequest.swift */ = {isa = PBXFileReference; lastKnownFileType = sourcecode.swift; path = MarkerRequest.swift; sourceTree = "<group>"; };
		C599BE40298DAABE00436DBC /* MarkersDataRepository.swift */ = {isa = PBXFileReference; lastKnownFileType = sourcecode.swift; path = MarkersDataRepository.swift; sourceTree = "<group>"; };
		C599BE44298DB0F200436DBC /* GetMarkersUseCase.swift */ = {isa = PBXFileReference; lastKnownFileType = sourcecode.swift; path = GetMarkersUseCase.swift; sourceTree = "<group>"; };
		C599BE46298DB14F00436DBC /* BaseUseCase.swift */ = {isa = PBXFileReference; lastKnownFileType = sourcecode.swift; path = BaseUseCase.swift; sourceTree = "<group>"; };
		C599BE49298DFDD700436DBC /* MarkerMapper.swift */ = {isa = PBXFileReference; lastKnownFileType = sourcecode.swift; path = MarkerMapper.swift; sourceTree = "<group>"; };
		C5C832142988377C0042B491 /* MeepMap.app */ = {isa = PBXFileReference; explicitFileType = wrapper.application; includeInIndex = 0; path = MeepMap.app; sourceTree = BUILT_PRODUCTS_DIR; };
		C5C8321B2988377C0042B491 /* MeepMapViewController.swift */ = {isa = PBXFileReference; lastKnownFileType = sourcecode.swift; path = MeepMapViewController.swift; sourceTree = "<group>"; };
		C5C832202988377C0042B491 /* Assets.xcassets */ = {isa = PBXFileReference; lastKnownFileType = folder.assetcatalog; path = Assets.xcassets; sourceTree = "<group>"; };
		C5C832252988377C0042B491 /* Info.plist */ = {isa = PBXFileReference; lastKnownFileType = text.plist.xml; path = Info.plist; sourceTree = "<group>"; };
		C5C8322A2988377C0042B491 /* MeepMapTests.xctest */ = {isa = PBXFileReference; explicitFileType = wrapper.cfbundle; includeInIndex = 0; path = MeepMapTests.xctest; sourceTree = BUILT_PRODUCTS_DIR; };
		C5C8322E2988377C0042B491 /* MeepMapTests.swift */ = {isa = PBXFileReference; lastKnownFileType = sourcecode.swift; path = MeepMapTests.swift; sourceTree = "<group>"; };
		C5C832342988377C0042B491 /* MeepMapUITests.xctest */ = {isa = PBXFileReference; explicitFileType = wrapper.cfbundle; includeInIndex = 0; path = MeepMapUITests.xctest; sourceTree = BUILT_PRODUCTS_DIR; };
		C5C832382988377C0042B491 /* MeepMapUITests.swift */ = {isa = PBXFileReference; lastKnownFileType = sourcecode.swift; path = MeepMapUITests.swift; sourceTree = "<group>"; };
		C5C8323A2988377C0042B491 /* MeepMapUITestsLaunchTests.swift */ = {isa = PBXFileReference; lastKnownFileType = sourcecode.swift; path = MeepMapUITestsLaunchTests.swift; sourceTree = "<group>"; };
		C5D122DC298846A300746B89 /* keys.plist */ = {isa = PBXFileReference; lastKnownFileType = text.plist.xml; path = keys.plist; sourceTree = "<group>"; };
		CF74FF4E025D592E2D8C38D9 /* Pods_MeepMap.framework */ = {isa = PBXFileReference; explicitFileType = wrapper.framework; includeInIndex = 0; path = Pods_MeepMap.framework; sourceTree = BUILT_PRODUCTS_DIR; };
		D34ACC7B15FE441AD38A9248 /* Pods-MeepMapTests.debug.xcconfig */ = {isa = PBXFileReference; includeInIndex = 1; lastKnownFileType = text.xcconfig; name = "Pods-MeepMapTests.debug.xcconfig"; path = "Target Support Files/Pods-MeepMapTests/Pods-MeepMapTests.debug.xcconfig"; sourceTree = "<group>"; };
		D71C1B23B74AFC3EBA682561 /* Pods-MeepMap-MeepMapUITests.release.xcconfig */ = {isa = PBXFileReference; includeInIndex = 1; lastKnownFileType = text.xcconfig; name = "Pods-MeepMap-MeepMapUITests.release.xcconfig"; path = "Target Support Files/Pods-MeepMap-MeepMapUITests/Pods-MeepMap-MeepMapUITests.release.xcconfig"; sourceTree = "<group>"; };
/* End PBXFileReference section */

/* Begin PBXFrameworksBuildPhase section */
		C5C832112988377C0042B491 /* Frameworks */ = {
			isa = PBXFrameworksBuildPhase;
			buildActionMask = 2147483647;
			files = (
				12EBADC1BC8000BC633A78CF /* Pods_MeepMap.framework in Frameworks */,
			);
			runOnlyForDeploymentPostprocessing = 0;
		};
		C5C832272988377C0042B491 /* Frameworks */ = {
			isa = PBXFrameworksBuildPhase;
			buildActionMask = 2147483647;
			files = (
				88404F55B22DCC0996B8055C /* Pods_MeepMapTests.framework in Frameworks */,
			);
			runOnlyForDeploymentPostprocessing = 0;
		};
		C5C832312988377C0042B491 /* Frameworks */ = {
			isa = PBXFrameworksBuildPhase;
			buildActionMask = 2147483647;
			files = (
				D25E6044618674B44363AA78 /* Pods_MeepMap_MeepMapUITests.framework in Frameworks */,
			);
			runOnlyForDeploymentPostprocessing = 0;
		};
/* End PBXFrameworksBuildPhase section */

/* Begin PBXGroup section */
		71F41EA5D7335A83D00707C9 /* Pods */ = {
			isa = PBXGroup;
			children = (
				29FAEC9B2731E2569F8AC6CB /* Pods-MeepMap.debug.xcconfig */,
				0352213516D7880CA18A3172 /* Pods-MeepMap.release.xcconfig */,
				93FFF784994EE93FE16DFDE7 /* Pods-MeepMap-MeepMapUITests.debug.xcconfig */,
				D71C1B23B74AFC3EBA682561 /* Pods-MeepMap-MeepMapUITests.release.xcconfig */,
				D34ACC7B15FE441AD38A9248 /* Pods-MeepMapTests.debug.xcconfig */,
				AE72BEBCAB8CD27B00C9B86D /* Pods-MeepMapTests.release.xcconfig */,
			);
			path = Pods;
			sourceTree = "<group>";
		};
		C527453B298B2D1300D9AE81 /* Wireframe */ = {
			isa = PBXGroup;
			children = (
				C599BE18298BB18A00436DBC /* Wireframe.swift */,
			);
			path = Wireframe;
			sourceTree = "<group>";
		};
		C599BE04298BAFC800436DBC /* AppDelegate */ = {
			isa = PBXGroup;
			children = (
				C599BE05298BAFC800436DBC /* AppDelegate.swift */,
			);
			path = AppDelegate;
			sourceTree = "<group>";
		};
		C599BE07298BB02D00436DBC /* Core */ = {
			isa = PBXGroup;
			children = (
				C599BE04298BAFC800436DBC /* AppDelegate */,
				C599BE08298BB02D00436DBC /* DI */,
			);
			path = Core;
			sourceTree = "<group>";
		};
		C599BE08298BB02D00436DBC /* DI */ = {
			isa = PBXGroup;
			children = (
				C599BE0A298BB02D00436DBC /* ApplicationModule.swift */,
				C599BE09298BB02D00436DBC /* DataModule.swift */,
				C599BE0B298BB02D00436DBC /* ViewModule.swift */,
			);
			path = DI;
			sourceTree = "<group>";
		};
		C599BE0F298BB08400436DBC /* Base */ = {
			isa = PBXGroup;
			children = (
				C599BE1E298BB36200436DBC /* LaunchScreen.storyboard */,
				C599BE20298BB3E100436DBC /* BaseViewController.swift */,
				C599BE22298BB3EB00436DBC /* BasePresenter.swift */,
			);
			path = Base;
			sourceTree = "<group>";
		};
		C599BE29298C518600436DBC /* Entity */ = {
			isa = PBXGroup;
			children = (
				C599BE2A298C51B200436DBC /* MarkerEntity.swift */,
			);
			path = Entity;
			sourceTree = "<group>";
		};
		C599BE2C298D9F7200436DBC /* Model */ = {
			isa = PBXGroup;
			children = (
				C599BE2D298D9F9A00436DBC /* MarkerModel.swift */,
			);
			path = Model;
			sourceTree = "<group>";
		};
		C599BE2F298D9FEC00436DBC /* Repository */ = {
			isa = PBXGroup;
			children = (
				C599BE35298DA20100436DBC /* BaseRepository.swift */,
				C599BE30298DA00D00436DBC /* MarkersRepository.swift */,
			);
			path = Repository;
			sourceTree = "<group>";
		};
		C599BE32298DA0BD00436DBC /* Network */ = {
			isa = PBXGroup;
			children = (
				C599BE33298DA0CD00436DBC /* NetworkManager.swift */,
			);
			path = Network;
			sourceTree = "<group>";
		};
		C599BE37298DA34700436DBC /* DataRepository */ = {
			isa = PBXGroup;
			children = (
				C599BE38298DA35C00436DBC /* BaseDataRepository.swift */,
				C599BE40298DAABE00436DBC /* MarkersDataRepository.swift */,
			);
			path = DataRepository;
			sourceTree = "<group>";
		};
		C599BE3A298DA52E00436DBC /* Target */ = {
			isa = PBXGroup;
			children = (
				C599BE3B298DA54900436DBC /* MarkerTarget.swift */,
			);
			path = Target;
			sourceTree = "<group>";
		};
		C599BE3D298DA66D00436DBC /* Request */ = {
			isa = PBXGroup;
			children = (
				C599BE3E298DA68400436DBC /* MarkerRequest.swift */,
			);
			path = Request;
			sourceTree = "<group>";
		};
		C599BE42298DB0CB00436DBC /* UseCase */ = {
			isa = PBXGroup;
			children = (
				C599BE46298DB14F00436DBC /* BaseUseCase.swift */,
				C599BE44298DB0F200436DBC /* GetMarkersUseCase.swift */,
			);
			path = UseCase;
			sourceTree = "<group>";
		};
		C599BE48298DFDC700436DBC /* Mapper */ = {
			isa = PBXGroup;
			children = (
				C599BE49298DFDD700436DBC /* MarkerMapper.swift */,
			);
			path = Mapper;
			sourceTree = "<group>";
		};
		C599BE4C298E00C000436DBC /* ViewPresenter */ = {
			isa = PBXGroup;
			children = (
				C599BE4D298E00CB00436DBC /* MeepMap */,
			);
			path = ViewPresenter;
			sourceTree = "<group>";
		};
		C599BE4D298E00CB00436DBC /* MeepMap */ = {
			isa = PBXGroup;
			children = (
				C5C8321B2988377C0042B491 /* MeepMapViewController.swift */,
				C599BE24298BB52700436DBC /* MeepMapPresenter.swift */,
				C599BE26298C437500436DBC /* MeepMapViewController.xib */,
			);
			path = MeepMap;
			sourceTree = "<group>";
		};
		C5C8320B2988377C0042B491 = {
			isa = PBXGroup;
			children = (
				C5C832162988377C0042B491 /* MeepMap */,
				C5C8322D2988377C0042B491 /* MeepMapTests */,
				C5C832372988377C0042B491 /* MeepMapUITests */,
				C5C832152988377C0042B491 /* Products */,
				71F41EA5D7335A83D00707C9 /* Pods */,
				EF318850A18ED130DB85724D /* Frameworks */,
			);
			sourceTree = "<group>";
		};
		C5C832152988377C0042B491 /* Products */ = {
			isa = PBXGroup;
			children = (
				C5C832142988377C0042B491 /* MeepMap.app */,
				C5C8322A2988377C0042B491 /* MeepMapTests.xctest */,
				C5C832342988377C0042B491 /* MeepMapUITests.xctest */,
			);
			name = Products;
			sourceTree = "<group>";
		};
		C5C832162988377C0042B491 /* MeepMap */ = {
			isa = PBXGroup;
			children = (
				C599BE07298BB02D00436DBC /* Core */,
				C5D122E12988480E00746B89 /* Presentation */,
				C5D122DF2988480400746B89 /* Domain */,
				C5D122E02988480900746B89 /* Data */,
				C5C832202988377C0042B491 /* Assets.xcassets */,
				C5C832252988377C0042B491 /* Info.plist */,
				C5D122DC298846A300746B89 /* keys.plist */,
			);
			path = MeepMap;
			sourceTree = "<group>";
		};
		C5C8322D2988377C0042B491 /* MeepMapTests */ = {
			isa = PBXGroup;
			children = (
				C5C8322E2988377C0042B491 /* MeepMapTests.swift */,
			);
			path = MeepMapTests;
			sourceTree = "<group>";
		};
		C5C832372988377C0042B491 /* MeepMapUITests */ = {
			isa = PBXGroup;
			children = (
				C5C832382988377C0042B491 /* MeepMapUITests.swift */,
				C5C8323A2988377C0042B491 /* MeepMapUITestsLaunchTests.swift */,
			);
			path = MeepMapUITests;
			sourceTree = "<group>";
		};
		C5D122DF2988480400746B89 /* Domain */ = {
			isa = PBXGroup;
			children = (
				C599BE42298DB0CB00436DBC /* UseCase */,
				C599BE2F298D9FEC00436DBC /* Repository */,
				C599BE2C298D9F7200436DBC /* Model */,
			);
			path = Domain;
			sourceTree = "<group>";
		};
		C5D122E02988480900746B89 /* Data */ = {
			isa = PBXGroup;
			children = (
				C599BE29298C518600436DBC /* Entity */,
				C599BE48298DFDC700436DBC /* Mapper */,
				C599BE3D298DA66D00436DBC /* Request */,
				C599BE3A298DA52E00436DBC /* Target */,
				C599BE37298DA34700436DBC /* DataRepository */,
				C599BE32298DA0BD00436DBC /* Network */,
			);
			path = Data;
			sourceTree = "<group>";
		};
		C5D122E12988480E00746B89 /* Presentation */ = {
			isa = PBXGroup;
			children = (
				C599BE0F298BB08400436DBC /* Base */,
				C527453B298B2D1300D9AE81 /* Wireframe */,
				C599BE4C298E00C000436DBC /* ViewPresenter */,
			);
			path = Presentation;
			sourceTree = "<group>";
		};
		EF318850A18ED130DB85724D /* Frameworks */ = {
			isa = PBXGroup;
			children = (
				CF74FF4E025D592E2D8C38D9 /* Pods_MeepMap.framework */,
				3438481E4F2C273F4727B320 /* Pods_MeepMap_MeepMapUITests.framework */,
				0D29B4FCC2604DA48A360A1F /* Pods_MeepMapTests.framework */,
			);
			name = Frameworks;
			sourceTree = "<group>";
		};
/* End PBXGroup section */

/* Begin PBXNativeTarget section */
		C5C832132988377C0042B491 /* MeepMap */ = {
			isa = PBXNativeTarget;
			buildConfigurationList = C5C8323E2988377C0042B491 /* Build configuration list for PBXNativeTarget "MeepMap" */;
			buildPhases = (
				9B3C5BFD5D7078080193FEE7 /* [CP] Check Pods Manifest.lock */,
				C5C832102988377C0042B491 /* Sources */,
				C5C832112988377C0042B491 /* Frameworks */,
				C5C832122988377C0042B491 /* Resources */,
				6648F16F2EADCC3A6D2D12C3 /* [CP] Embed Pods Frameworks */,
				A0E4ED92469269CE1C3032B5 /* [CP] Copy Pods Resources */,
				C54BDAAF2988495E0051796B /* ShellScript */,
			);
			buildRules = (
			);
			dependencies = (
			);
			name = MeepMap;
			productName = MeepMap;
			productReference = C5C832142988377C0042B491 /* MeepMap.app */;
			productType = "com.apple.product-type.application";
		};
		C5C832292988377C0042B491 /* MeepMapTests */ = {
			isa = PBXNativeTarget;
			buildConfigurationList = C5C832412988377C0042B491 /* Build configuration list for PBXNativeTarget "MeepMapTests" */;
			buildPhases = (
				7336120C4ABBD4D8C068DA8B /* [CP] Check Pods Manifest.lock */,
				C5C832262988377C0042B491 /* Sources */,
				C5C832272988377C0042B491 /* Frameworks */,
				C5C832282988377C0042B491 /* Resources */,
			);
			buildRules = (
			);
			dependencies = (
				C5C8322C2988377C0042B491 /* PBXTargetDependency */,
			);
			name = MeepMapTests;
			productName = MeepMapTests;
			productReference = C5C8322A2988377C0042B491 /* MeepMapTests.xctest */;
			productType = "com.apple.product-type.bundle.unit-test";
		};
		C5C832332988377C0042B491 /* MeepMapUITests */ = {
			isa = PBXNativeTarget;
			buildConfigurationList = C5C832442988377C0042B491 /* Build configuration list for PBXNativeTarget "MeepMapUITests" */;
			buildPhases = (
				76DE16765A03EF820DE626EA /* [CP] Check Pods Manifest.lock */,
				C5C832302988377C0042B491 /* Sources */,
				C5C832312988377C0042B491 /* Frameworks */,
				C5C832322988377C0042B491 /* Resources */,
				76654C7BB289F697CBCFBD8A /* [CP] Embed Pods Frameworks */,
				D4E9E577304FD3C9A3C77A37 /* [CP] Copy Pods Resources */,
			);
			buildRules = (
			);
			dependencies = (
				C5C832362988377C0042B491 /* PBXTargetDependency */,
			);
			name = MeepMapUITests;
			productName = MeepMapUITests;
			productReference = C5C832342988377C0042B491 /* MeepMapUITests.xctest */;
			productType = "com.apple.product-type.bundle.ui-testing";
		};
/* End PBXNativeTarget section */

/* Begin PBXProject section */
		C5C8320C2988377C0042B491 /* Project object */ = {
			isa = PBXProject;
			attributes = {
				BuildIndependentTargetsInParallel = 1;
				LastSwiftUpdateCheck = 1320;
				LastUpgradeCheck = 1320;
				TargetAttributes = {
					C5C832132988377C0042B491 = {
						CreatedOnToolsVersion = 13.2.1;
					};
					C5C832292988377C0042B491 = {
						CreatedOnToolsVersion = 13.2.1;
						TestTargetID = C5C832132988377C0042B491;
					};
					C5C832332988377C0042B491 = {
						CreatedOnToolsVersion = 13.2.1;
						TestTargetID = C5C832132988377C0042B491;
					};
				};
			};
			buildConfigurationList = C5C8320F2988377C0042B491 /* Build configuration list for PBXProject "MeepMap" */;
			compatibilityVersion = "Xcode 13.0";
			developmentRegion = en;
			hasScannedForEncodings = 0;
			knownRegions = (
				en,
				Base,
			);
			mainGroup = C5C8320B2988377C0042B491;
			productRefGroup = C5C832152988377C0042B491 /* Products */;
			projectDirPath = "";
			projectRoot = "";
			targets = (
				C5C832132988377C0042B491 /* MeepMap */,
				C5C832292988377C0042B491 /* MeepMapTests */,
				C5C832332988377C0042B491 /* MeepMapUITests */,
			);
		};
/* End PBXProject section */

/* Begin PBXResourcesBuildPhase section */
		C5C832122988377C0042B491 /* Resources */ = {
			isa = PBXResourcesBuildPhase;
			buildActionMask = 2147483647;
			files = (
				C5D122DD298846A300746B89 /* keys.plist in Resources */,
				C599BE1F298BB36200436DBC /* LaunchScreen.storyboard in Resources */,
				C599BE27298C437500436DBC /* MeepMapViewController.xib in Resources */,
				C5C832212988377C0042B491 /* Assets.xcassets in Resources */,
			);
			runOnlyForDeploymentPostprocessing = 0;
		};
		C5C832282988377C0042B491 /* Resources */ = {
			isa = PBXResourcesBuildPhase;
			buildActionMask = 2147483647;
			files = (
			);
			runOnlyForDeploymentPostprocessing = 0;
		};
		C5C832322988377C0042B491 /* Resources */ = {
			isa = PBXResourcesBuildPhase;
			buildActionMask = 2147483647;
			files = (
			);
			runOnlyForDeploymentPostprocessing = 0;
		};
/* End PBXResourcesBuildPhase section */

/* Begin PBXShellScriptBuildPhase section */
		6648F16F2EADCC3A6D2D12C3 /* [CP] Embed Pods Frameworks */ = {
			isa = PBXShellScriptBuildPhase;
			buildActionMask = 2147483647;
			files = (
			);
			inputFileListPaths = (
				"${PODS_ROOT}/Target Support Files/Pods-MeepMap/Pods-MeepMap-frameworks-${CONFIGURATION}-input-files.xcfilelist",
			);
			name = "[CP] Embed Pods Frameworks";
			outputFileListPaths = (
				"${PODS_ROOT}/Target Support Files/Pods-MeepMap/Pods-MeepMap-frameworks-${CONFIGURATION}-output-files.xcfilelist",
			);
			runOnlyForDeploymentPostprocessing = 0;
			shellPath = /bin/sh;
			shellScript = "\"${PODS_ROOT}/Target Support Files/Pods-MeepMap/Pods-MeepMap-frameworks.sh\"\n";
			showEnvVarsInLog = 0;
		};
		7336120C4ABBD4D8C068DA8B /* [CP] Check Pods Manifest.lock */ = {
			isa = PBXShellScriptBuildPhase;
			buildActionMask = 2147483647;
			files = (
			);
			inputFileListPaths = (
			);
			inputPaths = (
				"${PODS_PODFILE_DIR_PATH}/Podfile.lock",
				"${PODS_ROOT}/Manifest.lock",
			);
			name = "[CP] Check Pods Manifest.lock";
			outputFileListPaths = (
			);
			outputPaths = (
				"$(DERIVED_FILE_DIR)/Pods-MeepMapTests-checkManifestLockResult.txt",
			);
			runOnlyForDeploymentPostprocessing = 0;
			shellPath = /bin/sh;
			shellScript = "diff \"${PODS_PODFILE_DIR_PATH}/Podfile.lock\" \"${PODS_ROOT}/Manifest.lock\" > /dev/null\nif [ $? != 0 ] ; then\n    # print error to STDERR\n    echo \"error: The sandbox is not in sync with the Podfile.lock. Run 'pod install' or update your CocoaPods installation.\" >&2\n    exit 1\nfi\n# This output is used by Xcode 'outputs' to avoid re-running this script phase.\necho \"SUCCESS\" > \"${SCRIPT_OUTPUT_FILE_0}\"\n";
			showEnvVarsInLog = 0;
		};
		76654C7BB289F697CBCFBD8A /* [CP] Embed Pods Frameworks */ = {
			isa = PBXShellScriptBuildPhase;
			buildActionMask = 2147483647;
			files = (
			);
			inputFileListPaths = (
				"${PODS_ROOT}/Target Support Files/Pods-MeepMap-MeepMapUITests/Pods-MeepMap-MeepMapUITests-frameworks-${CONFIGURATION}-input-files.xcfilelist",
			);
			name = "[CP] Embed Pods Frameworks";
			outputFileListPaths = (
				"${PODS_ROOT}/Target Support Files/Pods-MeepMap-MeepMapUITests/Pods-MeepMap-MeepMapUITests-frameworks-${CONFIGURATION}-output-files.xcfilelist",
			);
			runOnlyForDeploymentPostprocessing = 0;
			shellPath = /bin/sh;
			shellScript = "\"${PODS_ROOT}/Target Support Files/Pods-MeepMap-MeepMapUITests/Pods-MeepMap-MeepMapUITests-frameworks.sh\"\n";
			showEnvVarsInLog = 0;
		};
		76DE16765A03EF820DE626EA /* [CP] Check Pods Manifest.lock */ = {
			isa = PBXShellScriptBuildPhase;
			buildActionMask = 2147483647;
			files = (
			);
			inputFileListPaths = (
			);
			inputPaths = (
				"${PODS_PODFILE_DIR_PATH}/Podfile.lock",
				"${PODS_ROOT}/Manifest.lock",
			);
			name = "[CP] Check Pods Manifest.lock";
			outputFileListPaths = (
			);
			outputPaths = (
				"$(DERIVED_FILE_DIR)/Pods-MeepMap-MeepMapUITests-checkManifestLockResult.txt",
			);
			runOnlyForDeploymentPostprocessing = 0;
			shellPath = /bin/sh;
			shellScript = "diff \"${PODS_PODFILE_DIR_PATH}/Podfile.lock\" \"${PODS_ROOT}/Manifest.lock\" > /dev/null\nif [ $? != 0 ] ; then\n    # print error to STDERR\n    echo \"error: The sandbox is not in sync with the Podfile.lock. Run 'pod install' or update your CocoaPods installation.\" >&2\n    exit 1\nfi\n# This output is used by Xcode 'outputs' to avoid re-running this script phase.\necho \"SUCCESS\" > \"${SCRIPT_OUTPUT_FILE_0}\"\n";
			showEnvVarsInLog = 0;
		};
		9B3C5BFD5D7078080193FEE7 /* [CP] Check Pods Manifest.lock */ = {
			isa = PBXShellScriptBuildPhase;
			buildActionMask = 2147483647;
			files = (
			);
			inputFileListPaths = (
			);
			inputPaths = (
				"${PODS_PODFILE_DIR_PATH}/Podfile.lock",
				"${PODS_ROOT}/Manifest.lock",
			);
			name = "[CP] Check Pods Manifest.lock";
			outputFileListPaths = (
			);
			outputPaths = (
				"$(DERIVED_FILE_DIR)/Pods-MeepMap-checkManifestLockResult.txt",
			);
			runOnlyForDeploymentPostprocessing = 0;
			shellPath = /bin/sh;
			shellScript = "diff \"${PODS_PODFILE_DIR_PATH}/Podfile.lock\" \"${PODS_ROOT}/Manifest.lock\" > /dev/null\nif [ $? != 0 ] ; then\n    # print error to STDERR\n    echo \"error: The sandbox is not in sync with the Podfile.lock. Run 'pod install' or update your CocoaPods installation.\" >&2\n    exit 1\nfi\n# This output is used by Xcode 'outputs' to avoid re-running this script phase.\necho \"SUCCESS\" > \"${SCRIPT_OUTPUT_FILE_0}\"\n";
			showEnvVarsInLog = 0;
		};
		A0E4ED92469269CE1C3032B5 /* [CP] Copy Pods Resources */ = {
			isa = PBXShellScriptBuildPhase;
			buildActionMask = 2147483647;
			files = (
			);
			inputFileListPaths = (
				"${PODS_ROOT}/Target Support Files/Pods-MeepMap/Pods-MeepMap-resources-${CONFIGURATION}-input-files.xcfilelist",
			);
			name = "[CP] Copy Pods Resources";
			outputFileListPaths = (
				"${PODS_ROOT}/Target Support Files/Pods-MeepMap/Pods-MeepMap-resources-${CONFIGURATION}-output-files.xcfilelist",
			);
			runOnlyForDeploymentPostprocessing = 0;
			shellPath = /bin/sh;
			shellScript = "\"${PODS_ROOT}/Target Support Files/Pods-MeepMap/Pods-MeepMap-resources.sh\"\n";
			showEnvVarsInLog = 0;
		};
		C54BDAAF2988495E0051796B /* ShellScript */ = {
			isa = PBXShellScriptBuildPhase;
			buildActionMask = 2147483647;
			files = (
			);
			inputFileListPaths = (
			);
			inputPaths = (
			);
			outputFileListPaths = (
			);
			outputPaths = (
			);
			runOnlyForDeploymentPostprocessing = 0;
			shellPath = /bin/sh;
			shellScript = "# Type a script or drag a script file from your workspace to insert its path.\n\"${PODS_ROOT}/SwiftLint/swiftlint\"\n";
		};
		D4E9E577304FD3C9A3C77A37 /* [CP] Copy Pods Resources */ = {
			isa = PBXShellScriptBuildPhase;
			buildActionMask = 2147483647;
			files = (
			);
			inputFileListPaths = (
				"${PODS_ROOT}/Target Support Files/Pods-MeepMap-MeepMapUITests/Pods-MeepMap-MeepMapUITests-resources-${CONFIGURATION}-input-files.xcfilelist",
			);
			name = "[CP] Copy Pods Resources";
			outputFileListPaths = (
				"${PODS_ROOT}/Target Support Files/Pods-MeepMap-MeepMapUITests/Pods-MeepMap-MeepMapUITests-resources-${CONFIGURATION}-output-files.xcfilelist",
			);
			runOnlyForDeploymentPostprocessing = 0;
			shellPath = /bin/sh;
			shellScript = "\"${PODS_ROOT}/Target Support Files/Pods-MeepMap-MeepMapUITests/Pods-MeepMap-MeepMapUITests-resources.sh\"\n";
			showEnvVarsInLog = 0;
		};
/* End PBXShellScriptBuildPhase section */

/* Begin PBXSourcesBuildPhase section */
		C5C832102988377C0042B491 /* Sources */ = {
			isa = PBXSourcesBuildPhase;
			buildActionMask = 2147483647;
			files = (
				C599BE0D298BB02D00436DBC /* ApplicationModule.swift in Sources */,
				C599BE41298DAABE00436DBC /* MarkersDataRepository.swift in Sources */,
				C599BE23298BB3EB00436DBC /* BasePresenter.swift in Sources */,
				C599BE3C298DA54900436DBC /* MarkerTarget.swift in Sources */,
				C599BE25298BB52700436DBC /* MeepMapPresenter.swift in Sources */,
				C599BE47298DB14F00436DBC /* BaseUseCase.swift in Sources */,
				C599BE36298DA20100436DBC /* BaseRepository.swift in Sources */,
				C599BE2B298C51B200436DBC /* MarkerEntity.swift in Sources */,
				C5C8321C2988377C0042B491 /* MeepMapViewController.swift in Sources */,
				C599BE45298DB0F200436DBC /* GetMarkersUseCase.swift in Sources */,
				C599BE4A298DFDD700436DBC /* MarkerMapper.swift in Sources */,
				C599BE3F298DA68400436DBC /* MarkerRequest.swift in Sources */,
				C599BE19298BB18A00436DBC /* Wireframe.swift in Sources */,
				C599BE39298DA35C00436DBC /* BaseDataRepository.swift in Sources */,
				C599BE2E298D9F9A00436DBC /* MarkerModel.swift in Sources */,
				C599BE06298BAFC800436DBC /* AppDelegate.swift in Sources */,
				C599BE21298BB3E100436DBC /* BaseViewController.swift in Sources */,
				C599BE34298DA0CD00436DBC /* NetworkManager.swift in Sources */,
				C599BE31298DA00D00436DBC /* MarkersRepository.swift in Sources */,
				C599BE0C298BB02D00436DBC /* DataModule.swift in Sources */,
				C599BE0E298BB02D00436DBC /* ViewModule.swift in Sources */,
			);
			runOnlyForDeploymentPostprocessing = 0;
		};
		C5C832262988377C0042B491 /* Sources */ = {
			isa = PBXSourcesBuildPhase;
			buildActionMask = 2147483647;
			files = (
				C5C8322F2988377C0042B491 /* MeepMapTests.swift in Sources */,
			);
			runOnlyForDeploymentPostprocessing = 0;
		};
		C5C832302988377C0042B491 /* Sources */ = {
			isa = PBXSourcesBuildPhase;
			buildActionMask = 2147483647;
			files = (
				C5C8323B2988377C0042B491 /* MeepMapUITestsLaunchTests.swift in Sources */,
				C5C832392988377C0042B491 /* MeepMapUITests.swift in Sources */,
			);
			runOnlyForDeploymentPostprocessing = 0;
		};
/* End PBXSourcesBuildPhase section */

/* Begin PBXTargetDependency section */
		C5C8322C2988377C0042B491 /* PBXTargetDependency */ = {
			isa = PBXTargetDependency;
			target = C5C832132988377C0042B491 /* MeepMap */;
			targetProxy = C5C8322B2988377C0042B491 /* PBXContainerItemProxy */;
		};
		C5C832362988377C0042B491 /* PBXTargetDependency */ = {
			isa = PBXTargetDependency;
			target = C5C832132988377C0042B491 /* MeepMap */;
			targetProxy = C5C832352988377C0042B491 /* PBXContainerItemProxy */;
		};
/* End PBXTargetDependency section */

/* Begin XCBuildConfiguration section */
		C5C8323C2988377C0042B491 /* Debug */ = {
			isa = XCBuildConfiguration;
			buildSettings = {
				ALWAYS_SEARCH_USER_PATHS = NO;
				CLANG_ANALYZER_NONNULL = YES;
				CLANG_ANALYZER_NUMBER_OBJECT_CONVERSION = YES_AGGRESSIVE;
				CLANG_CXX_LANGUAGE_STANDARD = "gnu++17";
				CLANG_CXX_LIBRARY = "libc++";
				CLANG_ENABLE_MODULES = YES;
				CLANG_ENABLE_OBJC_ARC = YES;
				CLANG_ENABLE_OBJC_WEAK = YES;
				CLANG_WARN_BLOCK_CAPTURE_AUTORELEASING = YES;
				CLANG_WARN_BOOL_CONVERSION = YES;
				CLANG_WARN_COMMA = YES;
				CLANG_WARN_CONSTANT_CONVERSION = YES;
				CLANG_WARN_DEPRECATED_OBJC_IMPLEMENTATIONS = YES;
				CLANG_WARN_DIRECT_OBJC_ISA_USAGE = YES_ERROR;
				CLANG_WARN_DOCUMENTATION_COMMENTS = YES;
				CLANG_WARN_EMPTY_BODY = YES;
				CLANG_WARN_ENUM_CONVERSION = YES;
				CLANG_WARN_INFINITE_RECURSION = YES;
				CLANG_WARN_INT_CONVERSION = YES;
				CLANG_WARN_NON_LITERAL_NULL_CONVERSION = YES;
				CLANG_WARN_OBJC_IMPLICIT_RETAIN_SELF = YES;
				CLANG_WARN_OBJC_LITERAL_CONVERSION = YES;
				CLANG_WARN_OBJC_ROOT_CLASS = YES_ERROR;
				CLANG_WARN_QUOTED_INCLUDE_IN_FRAMEWORK_HEADER = YES;
				CLANG_WARN_RANGE_LOOP_ANALYSIS = YES;
				CLANG_WARN_STRICT_PROTOTYPES = YES;
				CLANG_WARN_SUSPICIOUS_MOVE = YES;
				CLANG_WARN_UNGUARDED_AVAILABILITY = YES_AGGRESSIVE;
				CLANG_WARN_UNREACHABLE_CODE = YES;
				CLANG_WARN__DUPLICATE_METHOD_MATCH = YES;
				COPY_PHASE_STRIP = NO;
				DEBUG_INFORMATION_FORMAT = dwarf;
				ENABLE_STRICT_OBJC_MSGSEND = YES;
				ENABLE_TESTABILITY = YES;
				GCC_C_LANGUAGE_STANDARD = gnu11;
				GCC_DYNAMIC_NO_PIC = NO;
				GCC_NO_COMMON_BLOCKS = YES;
				GCC_OPTIMIZATION_LEVEL = 0;
				GCC_PREPROCESSOR_DEFINITIONS = (
					"DEBUG=1",
					"$(inherited)",
				);
				GCC_WARN_64_TO_32_BIT_CONVERSION = YES;
				GCC_WARN_ABOUT_RETURN_TYPE = YES_ERROR;
				GCC_WARN_UNDECLARED_SELECTOR = YES;
				GCC_WARN_UNINITIALIZED_AUTOS = YES_AGGRESSIVE;
				GCC_WARN_UNUSED_FUNCTION = YES;
				GCC_WARN_UNUSED_VARIABLE = YES;
				IPHONEOS_DEPLOYMENT_TARGET = 15.2;
				MTL_ENABLE_DEBUG_INFO = INCLUDE_SOURCE;
				MTL_FAST_MATH = YES;
				ONLY_ACTIVE_ARCH = YES;
				SDKROOT = iphoneos;
				SWIFT_ACTIVE_COMPILATION_CONDITIONS = DEBUG;
				SWIFT_OPTIMIZATION_LEVEL = "-Onone";
			};
			name = Debug;
		};
		C5C8323D2988377C0042B491 /* Release */ = {
			isa = XCBuildConfiguration;
			buildSettings = {
				ALWAYS_SEARCH_USER_PATHS = NO;
				CLANG_ANALYZER_NONNULL = YES;
				CLANG_ANALYZER_NUMBER_OBJECT_CONVERSION = YES_AGGRESSIVE;
				CLANG_CXX_LANGUAGE_STANDARD = "gnu++17";
				CLANG_CXX_LIBRARY = "libc++";
				CLANG_ENABLE_MODULES = YES;
				CLANG_ENABLE_OBJC_ARC = YES;
				CLANG_ENABLE_OBJC_WEAK = YES;
				CLANG_WARN_BLOCK_CAPTURE_AUTORELEASING = YES;
				CLANG_WARN_BOOL_CONVERSION = YES;
				CLANG_WARN_COMMA = YES;
				CLANG_WARN_CONSTANT_CONVERSION = YES;
				CLANG_WARN_DEPRECATED_OBJC_IMPLEMENTATIONS = YES;
				CLANG_WARN_DIRECT_OBJC_ISA_USAGE = YES_ERROR;
				CLANG_WARN_DOCUMENTATION_COMMENTS = YES;
				CLANG_WARN_EMPTY_BODY = YES;
				CLANG_WARN_ENUM_CONVERSION = YES;
				CLANG_WARN_INFINITE_RECURSION = YES;
				CLANG_WARN_INT_CONVERSION = YES;
				CLANG_WARN_NON_LITERAL_NULL_CONVERSION = YES;
				CLANG_WARN_OBJC_IMPLICIT_RETAIN_SELF = YES;
				CLANG_WARN_OBJC_LITERAL_CONVERSION = YES;
				CLANG_WARN_OBJC_ROOT_CLASS = YES_ERROR;
				CLANG_WARN_QUOTED_INCLUDE_IN_FRAMEWORK_HEADER = YES;
				CLANG_WARN_RANGE_LOOP_ANALYSIS = YES;
				CLANG_WARN_STRICT_PROTOTYPES = YES;
				CLANG_WARN_SUSPICIOUS_MOVE = YES;
				CLANG_WARN_UNGUARDED_AVAILABILITY = YES_AGGRESSIVE;
				CLANG_WARN_UNREACHABLE_CODE = YES;
				CLANG_WARN__DUPLICATE_METHOD_MATCH = YES;
				COPY_PHASE_STRIP = NO;
				DEBUG_INFORMATION_FORMAT = "dwarf-with-dsym";
				ENABLE_NS_ASSERTIONS = NO;
				ENABLE_STRICT_OBJC_MSGSEND = YES;
				GCC_C_LANGUAGE_STANDARD = gnu11;
				GCC_NO_COMMON_BLOCKS = YES;
				GCC_WARN_64_TO_32_BIT_CONVERSION = YES;
				GCC_WARN_ABOUT_RETURN_TYPE = YES_ERROR;
				GCC_WARN_UNDECLARED_SELECTOR = YES;
				GCC_WARN_UNINITIALIZED_AUTOS = YES_AGGRESSIVE;
				GCC_WARN_UNUSED_FUNCTION = YES;
				GCC_WARN_UNUSED_VARIABLE = YES;
				IPHONEOS_DEPLOYMENT_TARGET = 15.2;
				MTL_ENABLE_DEBUG_INFO = NO;
				MTL_FAST_MATH = YES;
				SDKROOT = iphoneos;
				SWIFT_COMPILATION_MODE = wholemodule;
				SWIFT_OPTIMIZATION_LEVEL = "-O";
				VALIDATE_PRODUCT = YES;
			};
			name = Release;
		};
		C5C8323F2988377C0042B491 /* Debug */ = {
			isa = XCBuildConfiguration;
			baseConfigurationReference = 29FAEC9B2731E2569F8AC6CB /* Pods-MeepMap.debug.xcconfig */;
			buildSettings = {
				ASSETCATALOG_COMPILER_APPICON_NAME = AppIcon;
				ASSETCATALOG_COMPILER_GLOBAL_ACCENT_COLOR_NAME = AccentColor;
				CODE_SIGN_STYLE = Automatic;
				CURRENT_PROJECT_VERSION = 1;
				DEVELOPMENT_TEAM = 5R6F2L6X58;
				GENERATE_INFOPLIST_FILE = YES;
				INFOPLIST_FILE = MeepMap/Info.plist;
				INFOPLIST_KEY_UIApplicationSupportsIndirectInputEvents = YES;
				INFOPLIST_KEY_UILaunchStoryboardName = LaunchScreen;
				INFOPLIST_KEY_UISupportedInterfaceOrientations = "UIInterfaceOrientationPortrait UIInterfaceOrientationLandscapeLeft UIInterfaceOrientationLandscapeRight";
				INFOPLIST_KEY_UISupportedInterfaceOrientations_iPad = "UIInterfaceOrientationPortrait UIInterfaceOrientationPortraitUpsideDown UIInterfaceOrientationLandscapeLeft UIInterfaceOrientationLandscapeRight";
				INFOPLIST_KEY_UISupportedInterfaceOrientations_iPhone = "UIInterfaceOrientationPortrait UIInterfaceOrientationLandscapeLeft UIInterfaceOrientationLandscapeRight";
				LD_RUNPATH_SEARCH_PATHS = (
					"$(inherited)",
					"@executable_path/Frameworks",
				);
				MARKETING_VERSION = 1.0;
				PRODUCT_BUNDLE_IDENTIFIER = guido.MeepMap;
				PRODUCT_NAME = "$(TARGET_NAME)";
				SWIFT_EMIT_LOC_STRINGS = YES;
				SWIFT_VERSION = 5.0;
				TARGETED_DEVICE_FAMILY = "1,2";
			};
			name = Debug;
		};
		C5C832402988377C0042B491 /* Release */ = {
			isa = XCBuildConfiguration;
			baseConfigurationReference = 0352213516D7880CA18A3172 /* Pods-MeepMap.release.xcconfig */;
			buildSettings = {
				ASSETCATALOG_COMPILER_APPICON_NAME = AppIcon;
				ASSETCATALOG_COMPILER_GLOBAL_ACCENT_COLOR_NAME = AccentColor;
				CODE_SIGN_STYLE = Automatic;
				CURRENT_PROJECT_VERSION = 1;
				DEVELOPMENT_TEAM = 5R6F2L6X58;
				GENERATE_INFOPLIST_FILE = YES;
				INFOPLIST_FILE = MeepMap/Info.plist;
				INFOPLIST_KEY_UIApplicationSupportsIndirectInputEvents = YES;
				INFOPLIST_KEY_UILaunchStoryboardName = LaunchScreen;
				INFOPLIST_KEY_UISupportedInterfaceOrientations = "UIInterfaceOrientationPortrait UIInterfaceOrientationLandscapeLeft UIInterfaceOrientationLandscapeRight";
				INFOPLIST_KEY_UISupportedInterfaceOrientations_iPad = "UIInterfaceOrientationPortrait UIInterfaceOrientationPortraitUpsideDown UIInterfaceOrientationLandscapeLeft UIInterfaceOrientationLandscapeRight";
				INFOPLIST_KEY_UISupportedInterfaceOrientations_iPhone = "UIInterfaceOrientationPortrait UIInterfaceOrientationLandscapeLeft UIInterfaceOrientationLandscapeRight";
				LD_RUNPATH_SEARCH_PATHS = (
					"$(inherited)",
					"@executable_path/Frameworks",
				);
				MARKETING_VERSION = 1.0;
				PRODUCT_BUNDLE_IDENTIFIER = guido.MeepMap;
				PRODUCT_NAME = "$(TARGET_NAME)";
				SWIFT_EMIT_LOC_STRINGS = YES;
				SWIFT_VERSION = 5.0;
				TARGETED_DEVICE_FAMILY = "1,2";
			};
			name = Release;
		};
		C5C832422988377C0042B491 /* Debug */ = {
			isa = XCBuildConfiguration;
			baseConfigurationReference = D34ACC7B15FE441AD38A9248 /* Pods-MeepMapTests.debug.xcconfig */;
			buildSettings = {
				ALWAYS_EMBED_SWIFT_STANDARD_LIBRARIES = YES;
				BUNDLE_LOADER = "$(TEST_HOST)";
				CODE_SIGN_STYLE = Automatic;
				CURRENT_PROJECT_VERSION = 1;
				GENERATE_INFOPLIST_FILE = YES;
				IPHONEOS_DEPLOYMENT_TARGET = 15.2;
				MARKETING_VERSION = 1.0;
				PRODUCT_BUNDLE_IDENTIFIER = guido.MeepMapTests;
				PRODUCT_NAME = "$(TARGET_NAME)";
				SWIFT_EMIT_LOC_STRINGS = NO;
				SWIFT_VERSION = 5.0;
				TARGETED_DEVICE_FAMILY = "1,2";
				TEST_HOST = "$(BUILT_PRODUCTS_DIR)/MeepMap.app/MeepMap";
			};
			name = Debug;
		};
		C5C832432988377C0042B491 /* Release */ = {
			isa = XCBuildConfiguration;
			baseConfigurationReference = AE72BEBCAB8CD27B00C9B86D /* Pods-MeepMapTests.release.xcconfig */;
			buildSettings = {
				ALWAYS_EMBED_SWIFT_STANDARD_LIBRARIES = YES;
				BUNDLE_LOADER = "$(TEST_HOST)";
				CODE_SIGN_STYLE = Automatic;
				CURRENT_PROJECT_VERSION = 1;
				GENERATE_INFOPLIST_FILE = YES;
				IPHONEOS_DEPLOYMENT_TARGET = 15.2;
				MARKETING_VERSION = 1.0;
				PRODUCT_BUNDLE_IDENTIFIER = guido.MeepMapTests;
				PRODUCT_NAME = "$(TARGET_NAME)";
				SWIFT_EMIT_LOC_STRINGS = NO;
				SWIFT_VERSION = 5.0;
				TARGETED_DEVICE_FAMILY = "1,2";
				TEST_HOST = "$(BUILT_PRODUCTS_DIR)/MeepMap.app/MeepMap";
			};
			name = Release;
		};
		C5C832452988377C0042B491 /* Debug */ = {
			isa = XCBuildConfiguration;
			baseConfigurationReference = 93FFF784994EE93FE16DFDE7 /* Pods-MeepMap-MeepMapUITests.debug.xcconfig */;
			buildSettings = {
				ALWAYS_EMBED_SWIFT_STANDARD_LIBRARIES = YES;
				CODE_SIGN_STYLE = Automatic;
				CURRENT_PROJECT_VERSION = 1;
				GENERATE_INFOPLIST_FILE = YES;
				MARKETING_VERSION = 1.0;
				PRODUCT_BUNDLE_IDENTIFIER = guido.MeepMapUITests;
				PRODUCT_NAME = "$(TARGET_NAME)";
				SWIFT_EMIT_LOC_STRINGS = NO;
				SWIFT_VERSION = 5.0;
				TARGETED_DEVICE_FAMILY = "1,2";
				TEST_TARGET_NAME = MeepMap;
			};
			name = Debug;
		};
		C5C832462988377C0042B491 /* Release */ = {
			isa = XCBuildConfiguration;
			baseConfigurationReference = D71C1B23B74AFC3EBA682561 /* Pods-MeepMap-MeepMapUITests.release.xcconfig */;
			buildSettings = {
				ALWAYS_EMBED_SWIFT_STANDARD_LIBRARIES = YES;
				CODE_SIGN_STYLE = Automatic;
				CURRENT_PROJECT_VERSION = 1;
				GENERATE_INFOPLIST_FILE = YES;
				MARKETING_VERSION = 1.0;
				PRODUCT_BUNDLE_IDENTIFIER = guido.MeepMapUITests;
				PRODUCT_NAME = "$(TARGET_NAME)";
				SWIFT_EMIT_LOC_STRINGS = NO;
				SWIFT_VERSION = 5.0;
				TARGETED_DEVICE_FAMILY = "1,2";
				TEST_TARGET_NAME = MeepMap;
			};
			name = Release;
		};
/* End XCBuildConfiguration section */

/* Begin XCConfigurationList section */
		C5C8320F2988377C0042B491 /* Build configuration list for PBXProject "MeepMap" */ = {
			isa = XCConfigurationList;
			buildConfigurations = (
				C5C8323C2988377C0042B491 /* Debug */,
				C5C8323D2988377C0042B491 /* Release */,
			);
			defaultConfigurationIsVisible = 0;
			defaultConfigurationName = Release;
		};
		C5C8323E2988377C0042B491 /* Build configuration list for PBXNativeTarget "MeepMap" */ = {
			isa = XCConfigurationList;
			buildConfigurations = (
				C5C8323F2988377C0042B491 /* Debug */,
				C5C832402988377C0042B491 /* Release */,
			);
			defaultConfigurationIsVisible = 0;
			defaultConfigurationName = Release;
		};
		C5C832412988377C0042B491 /* Build configuration list for PBXNativeTarget "MeepMapTests" */ = {
			isa = XCConfigurationList;
			buildConfigurations = (
				C5C832422988377C0042B491 /* Debug */,
				C5C832432988377C0042B491 /* Release */,
			);
			defaultConfigurationIsVisible = 0;
			defaultConfigurationName = Release;
		};
		C5C832442988377C0042B491 /* Build configuration list for PBXNativeTarget "MeepMapUITests" */ = {
			isa = XCConfigurationList;
			buildConfigurations = (
				C5C832452988377C0042B491 /* Debug */,
				C5C832462988377C0042B491 /* Release */,
			);
			defaultConfigurationIsVisible = 0;
			defaultConfigurationName = Release;
		};
/* End XCConfigurationList section */
	};
	rootObject = C5C8320C2988377C0042B491 /* Project object */;
}
